
Microsoft Visual Studio Solution File, Format Version 12.00
# Visual Studio Version 17
VisualStudioVersion = 17.6.33723.286
MinimumVisualStudioVersion = 10.0.40219.1
Project("{9A19103F-16F7-4668-BE54-9A1E7A4F7556}") = "InventarioProyect", "src\InventarioProyect\InventarioProyect.csproj", "{3E89C51C-B92F-40FB-9DBE-33F806CC186A}"
EndProject
Project("{9A19103F-16F7-4668-BE54-9A1E7A4F7556}") = "Inv.Microservice.Api.Login.Data.Transfer.Object", "src\Inv.Microservice.Api.Login.Data.Transfer.Object\Inv.Microservice.Api.Login.Data.Transfer.Object.csproj", "{2A04E800-E889-4A16-8C8B-F1AB8D653B39}"
EndProject
Project("{9A19103F-16F7-4668-BE54-9A1E7A4F7556}") = "Inv.Microservice.Api.Login.Entities", "src\Inv.Microservice.Api.Login.Entities\Inv.Microservice.Api.Login.Entities.csproj", "{5B8BB419-6A57-4963-9A33-CCCADA103C7F}"
EndProject
Project("{FAE04EC0-301F-11D3-BF4B-00C04F79EFBC}") = "Inv.Microservice.Api.Logic", "src\Inv.Microservice.Api.Logic\Inv.Microservice.Api.Logic.csproj", "{BAA65A87-5FAE-4D27-8048-4B71E52CF16B}"
EndProject
Global
	GlobalSection(SolutionConfigurationPlatforms) = preSolution
		Debug|Any CPU = Debug|Any CPU
		Release|Any CPU = Release|Any CPU
	EndGlobalSection
	GlobalSection(ProjectConfigurationPlatforms) = postSolution
		{3E89C51C-B92F-40FB-9DBE-33F806CC186A}.Debug|Any CPU.ActiveCfg = Debug|Any CPU
		{3E89C51C-B92F-40FB-9DBE-33F806CC186A}.Debug|Any CPU.Build.0 = Debug|Any CPU
		{3E89C51C-B92F-40FB-9DBE-33F806CC186A}.Release|Any CPU.ActiveCfg = Release|Any CPU
		{3E89C51C-B92F-40FB-9DBE-33F806CC186A}.Release|Any CPU.Build.0 = Release|Any CPU
		{2A04E800-E889-4A16-8C8B-F1AB8D653B39}.Debug|Any CPU.ActiveCfg = Debug|Any CPU
		{2A04E800-E889-4A16-8C8B-F1AB8D653B39}.Debug|Any CPU.Build.0 = Debug|Any CPU
		{2A04E800-E889-4A16-8C8B-F1AB8D653B39}.Release|Any CPU.ActiveCfg = Release|Any CPU
		{2A04E800-E889-4A16-8C8B-F1AB8D653B39}.Release|Any CPU.Build.0 = Release|Any CPU
		{5B8BB419-6A57-4963-9A33-CCCADA103C7F}.Debug|Any CPU.ActiveCfg = Debug|Any CPU
		{5B8BB419-6A57-4963-9A33-CCCADA103C7F}.Debug|Any CPU.Build.0 = Debug|Any CPU
		{5B8BB419-6A57-4963-9A33-CCCADA103C7F}.Release|Any CPU.ActiveCfg = Release|Any CPU
		{5B8BB419-6A57-4963-9A33-CCCADA103C7F}.Release|Any CPU.Build.0 = Release|Any CPU
		{BAA65A87-5FAE-4D27-8048-4B71E52CF16B}.Debug|Any CPU.ActiveCfg = Debug|Any CPU
		{BAA65A87-5FAE-4D27-8048-4B71E52CF16B}.Debug|Any CPU.Build.0 = Debug|Any CPU
		{BAA65A87-5FAE-4D27-8048-4B71E52CF16B}.Release|Any CPU.ActiveCfg = Release|Any CPU
		{BAA65A87-5FAE-4D27-8048-4B71E52CF16B}.Release|Any CPU.Build.0 = Release|Any CPU
	EndGlobalSection
	GlobalSection(SolutionProperties) = preSolution
		HideSolutionNode = FALSE
	EndGlobalSection
	GlobalSection(ExtensibilityGlobals) = postSolution
		SolutionGuid = {70BED3F4-1BDE-4AD7-9C5E-75C630793988}
	EndGlobalSection
EndGlobal
